
Microsoft Visual Studio Solution File, Format Version 12.00
# Visual Studio 15
VisualStudioVersion = 15.0.27130.2024
MinimumVisualStudioVersion = 10.0.40219.1
Project("{FAE04EC0-301F-11D3-BF4B-00C04F79EFBC}") = "AppPrinterTest.Android", "AppPrinterTest\AppPrinterTest.Android\AppPrinterTest.Android.csproj", "{1F06B32C-B08C-4BB1-9D75-A26779DD2A8D}"
EndProject
Project("{FAE04EC0-301F-11D3-BF4B-00C04F79EFBC}") = "AppPrinterTest.iOS", "AppPrinterTest\AppPrinterTest.iOS\AppPrinterTest.iOS.csproj", "{D9F7AC59-9F07-4B71-8DD3-4BCEE90C31D0}"
EndProject
Project("{FAE04EC0-301F-11D3-BF4B-00C04F79EFBC}") = "AppPrinterTest.UWP", "AppPrinterTest\AppPrinterTest.UWP\AppPrinterTest.UWP.csproj", "{0D778F23-8E8B-4AF7-AA17-8ED424967AB7}"
EndProject
Project("{FAE04EC0-301F-11D3-BF4B-00C04F79EFBC}") = "AppPrinterTest", "AppPrinterTest\AppPrinterTest\AppPrinterTest.csproj", "{F9BBCAB6-4B68-48E6-BD3A-BB90BD45C8D8}"
EndProject
Global
	GlobalSection(SolutionConfigurationPlatforms) = preSolution
		Ad-Hoc|Any CPU = Ad-Hoc|Any CPU
		Ad-Hoc|ARM = Ad-Hoc|ARM
		Ad-Hoc|iPhone = Ad-Hoc|iPhone
		Ad-Hoc|iPhoneSimulator = Ad-Hoc|iPhoneSimulator
		Ad-Hoc|x64 = Ad-Hoc|x64
		Ad-Hoc|x86 = Ad-Hoc|x86
		AppStore|Any CPU = AppStore|Any CPU
		AppStore|ARM = AppStore|ARM
		AppStore|iPhone = AppStore|iPhone
		AppStore|iPhoneSimulator = AppStore|iPhoneSimulator
		AppStore|x64 = AppStore|x64
		AppStore|x86 = AppStore|x86
		Debug|Any CPU = Debug|Any CPU
		Debug|ARM = Debug|ARM
		Debug|iPhone = Debug|iPhone
		Debug|iPhoneSimulator = Debug|iPhoneSimulator
		Debug|x64 = Debug|x64
		Debug|x86 = Debug|x86
		Release|Any CPU = Release|Any CPU
		Release|ARM = Release|ARM
		Release|iPhone = Release|iPhone
		Release|iPhoneSimulator = Release|iPhoneSimulator
		Release|x64 = Release|x64
		Release|x86 = Release|x86
	EndGlobalSection
	GlobalSection(ProjectConfigurationPlatforms) = postSolution
		{1F06B32C-B08C-4BB1-9D75-A26779DD2A8D}.Ad-Hoc|Any CPU.ActiveCfg = Release|Any CPU
		{1F06B32C-B08C-4BB1-9D75-A26779DD2A8D}.Ad-Hoc|Any CPU.Build.0 = Release|Any CPU
		{1F06B32C-B08C-4BB1-9D75-A26779DD2A8D}.Ad-Hoc|Any CPU.Deploy.0 = Release|Any CPU
		{1F06B32C-B08C-4BB1-9D75-A26779DD2A8D}.Ad-Hoc|ARM.ActiveCfg = Release|Any CPU
		{1F06B32C-B08C-4BB1-9D75-A26779DD2A8D}.Ad-Hoc|ARM.Build.0 = Release|Any CPU
		{1F06B32C-B08C-4BB1-9D75-A26779DD2A8D}.Ad-Hoc|ARM.Deploy.0 = Release|Any CPU
		{1F06B32C-B08C-4BB1-9D75-A26779DD2A8D}.Ad-Hoc|iPhone.ActiveCfg = Release|Any CPU
		{1F06B32C-B08C-4BB1-9D75-A26779DD2A8D}.Ad-Hoc|iPhone.Build.0 = Release|Any CPU
		{1F06B32C-B08C-4BB1-9D75-A26779DD2A8D}.Ad-Hoc|iPhone.Deploy.0 = Release|Any CPU
		{1F06B32C-B08C-4BB1-9D75-A26779DD2A8D}.Ad-Hoc|iPhoneSimulator.ActiveCfg = Release|Any CPU
		{1F06B32C-B08C-4BB1-9D75-A26779DD2A8D}.Ad-Hoc|iPhoneSimulator.Build.0 = Release|Any CPU
		{1F06B32C-B08C-4BB1-9D75-A26779DD2A8D}.Ad-Hoc|iPhoneSimulator.Deploy.0 = Release|Any CPU
		{1F06B32C-B08C-4BB1-9D75-A26779DD2A8D}.Ad-Hoc|x64.ActiveCfg = Release|Any CPU
		{1F06B32C-B08C-4BB1-9D75-A26779DD2A8D}.Ad-Hoc|x64.Build.0 = Release|Any CPU
		{1F06B32C-B08C-4BB1-9D75-A26779DD2A8D}.Ad-Hoc|x64.Deploy.0 = Release|Any CPU
		{1F06B32C-B08C-4BB1-9D75-A26779DD2A8D}.Ad-Hoc|x86.ActiveCfg = Release|Any CPU
		{1F06B32C-B08C-4BB1-9D75-A26779DD2A8D}.Ad-Hoc|x86.Build.0 = Release|Any CPU
		{1F06B32C-B08C-4BB1-9D75-A26779DD2A8D}.Ad-Hoc|x86.Deploy.0 = Release|Any CPU
		{1F06B32C-B08C-4BB1-9D75-A26779DD2A8D}.AppStore|Any CPU.ActiveCfg = Release|Any CPU
		{1F06B32C-B08C-4BB1-9D75-A26779DD2A8D}.AppStore|Any CPU.Build.0 = Release|Any CPU
		{1F06B32C-B08C-4BB1-9D75-A26779DD2A8D}.AppStore|Any CPU.Deploy.0 = Release|Any CPU
		{1F06B32C-B08C-4BB1-9D75-A26779DD2A8D}.AppStore|ARM.ActiveCfg = Release|Any CPU
		{1F06B32C-B08C-4BB1-9D75-A26779DD2A8D}.AppStore|ARM.Build.0 = Release|Any CPU
		{1F06B32C-B08C-4BB1-9D75-A26779DD2A8D}.AppStore|ARM.Deploy.0 = Release|Any CPU
		{1F06B32C-B08C-4BB1-9D75-A26779DD2A8D}.AppStore|iPhone.ActiveCfg = Release|Any CPU
		{1F06B32C-B08C-4BB1-9D75-A26779DD2A8D}.AppStore|iPhone.Build.0 = Release|Any CPU
		{1F06B32C-B08C-4BB1-9D75-A26779DD2A8D}.AppStore|iPhone.Deploy.0 = Release|Any CPU
		{1F06B32C-B08C-4BB1-9D75-A26779DD2A8D}.AppStore|iPhoneSimulator.ActiveCfg = Release|Any CPU
		{1F06B32C-B08C-4BB1-9D75-A26779DD2A8D}.AppStore|iPhoneSimulator.Build.0 = Release|Any CPU
		{1F06B32C-B08C-4BB1-9D75-A26779DD2A8D}.AppStore|iPhoneSimulator.Deploy.0 = Release|Any CPU
		{1F06B32C-B08C-4BB1-9D75-A26779DD2A8D}.AppStore|x64.ActiveCfg = Release|Any CPU
		{1F06B32C-B08C-4BB1-9D75-A26779DD2A8D}.AppStore|x64.Build.0 = Release|Any CPU
		{1F06B32C-B08C-4BB1-9D75-A26779DD2A8D}.AppStore|x64.Deploy.0 = Release|Any CPU
		{1F06B32C-B08C-4BB1-9D75-A26779DD2A8D}.AppStore|x86.ActiveCfg = Release|Any CPU
		{1F06B32C-B08C-4BB1-9D75-A26779DD2A8D}.AppStore|x86.Build.0 = Release|Any CPU
		{1F06B32C-B08C-4BB1-9D75-A26779DD2A8D}.AppStore|x86.Deploy.0 = Release|Any CPU
		{1F06B32C-B08C-4BB1-9D75-A26779DD2A8D}.Debug|Any CPU.ActiveCfg = Debug|Any CPU
		{1F06B32C-B08C-4BB1-9D75-A26779DD2A8D}.Debug|Any CPU.Build.0 = Debug|Any CPU
		{1F06B32C-B08C-4BB1-9D75-A26779DD2A8D}.Debug|Any CPU.Deploy.0 = Debug|Any CPU
		{1F06B32C-B08C-4BB1-9D75-A26779DD2A8D}.Debug|ARM.ActiveCfg = Debug|Any CPU
		{1F06B32C-B08C-4BB1-9D75-A26779DD2A8D}.Debug|ARM.Build.0 = Debug|Any CPU
		{1F06B32C-B08C-4BB1-9D75-A26779DD2A8D}.Debug|ARM.Deploy.0 = Debug|Any CPU
		{1F06B32C-B08C-4BB1-9D75-A26779DD2A8D}.Debug|iPhone.ActiveCfg = Debug|Any CPU
		{1F06B32C-B08C-4BB1-9D75-A26779DD2A8D}.Debug|iPhone.Build.0 = Debug|Any CPU
		{1F06B32C-B08C-4BB1-9D75-A26779DD2A8D}.Debug|iPhone.Deploy.0 = Debug|Any CPU
		{1F06B32C-B08C-4BB1-9D75-A26779DD2A8D}.Debug|iPhoneSimulator.ActiveCfg = Debug|Any CPU
		{1F06B32C-B08C-4BB1-9D75-A26779DD2A8D}.Debug|iPhoneSimulator.Build.0 = Debug|Any CPU
		{1F06B32C-B08C-4BB1-9D75-A26779DD2A8D}.Debug|iPhoneSimulator.Deploy.0 = Debug|Any CPU
		{1F06B32C-B08C-4BB1-9D75-A26779DD2A8D}.Debug|x64.ActiveCfg = Debug|Any CPU
		{1F06B32C-B08C-4BB1-9D75-A26779DD2A8D}.Debug|x64.Build.0 = Debug|Any CPU
		{1F06B32C-B08C-4BB1-9D75-A26779DD2A8D}.Debug|x64.Deploy.0 = Debug|Any CPU
		{1F06B32C-B08C-4BB1-9D75-A26779DD2A8D}.Debug|x86.ActiveCfg = Debug|Any CPU
		{1F06B32C-B08C-4BB1-9D75-A26779DD2A8D}.Debug|x86.Build.0 = Debug|Any CPU
		{1F06B32C-B08C-4BB1-9D75-A26779DD2A8D}.Debug|x86.Deploy.0 = Debug|Any CPU
		{1F06B32C-B08C-4BB1-9D75-A26779DD2A8D}.Release|Any CPU.ActiveCfg = Release|Any CPU
		{1F06B32C-B08C-4BB1-9D75-A26779DD2A8D}.Release|Any CPU.Build.0 = Release|Any CPU
		{1F06B32C-B08C-4BB1-9D75-A26779DD2A8D}.Release|Any CPU.Deploy.0 = Release|Any CPU
		{1F06B32C-B08C-4BB1-9D75-A26779DD2A8D}.Release|ARM.ActiveCfg = Release|Any CPU
		{1F06B32C-B08C-4BB1-9D75-A26779DD2A8D}.Release|ARM.Build.0 = Release|Any CPU
		{1F06B32C-B08C-4BB1-9D75-A26779DD2A8D}.Release|ARM.Deploy.0 = Release|Any CPU
		{1F06B32C-B08C-4BB1-9D75-A26779DD2A8D}.Release|iPhone.ActiveCfg = Release|Any CPU
		{1F06B32C-B08C-4BB1-9D75-A26779DD2A8D}.Release|iPhone.Build.0 = Release|Any CPU
		{1F06B32C-B08C-4BB1-9D75-A26779DD2A8D}.Release|iPhone.Deploy.0 = Release|Any CPU
		{1F06B32C-B08C-4BB1-9D75-A26779DD2A8D}.Release|iPhoneSimulator.ActiveCfg = Release|Any CPU
		{1F06B32C-B08C-4BB1-9D75-A26779DD2A8D}.Release|iPhoneSimulator.Build.0 = Release|Any CPU
		{1F06B32C-B08C-4BB1-9D75-A26779DD2A8D}.Release|iPhoneSimulator.Deploy.0 = Release|Any CPU
		{1F06B32C-B08C-4BB1-9D75-A26779DD2A8D}.Release|x64.ActiveCfg = Release|Any CPU
		{1F06B32C-B08C-4BB1-9D75-A26779DD2A8D}.Release|x64.Build.0 = Release|Any CPU
		{1F06B32C-B08C-4BB1-9D75-A26779DD2A8D}.Release|x64.Deploy.0 = Release|Any CPU
		{1F06B32C-B08C-4BB1-9D75-A26779DD2A8D}.Release|x86.ActiveCfg = Release|Any CPU
		{1F06B32C-B08C-4BB1-9D75-A26779DD2A8D}.Release|x86.Build.0 = Release|Any CPU
		{1F06B32C-B08C-4BB1-9D75-A26779DD2A8D}.Release|x86.Deploy.0 = Release|Any CPU
		{D9F7AC59-9F07-4B71-8DD3-4BCEE90C31D0}.Ad-Hoc|Any CPU.ActiveCfg = Ad-Hoc|iPhone
		{D9F7AC59-9F07-4B71-8DD3-4BCEE90C31D0}.Ad-Hoc|ARM.ActiveCfg = Ad-Hoc|iPhone
		{D9F7AC59-9F07-4B71-8DD3-4BCEE90C31D0}.Ad-Hoc|iPhone.ActiveCfg = Ad-Hoc|iPhone
		{D9F7AC59-9F07-4B71-8DD3-4BCEE90C31D0}.Ad-Hoc|iPhone.Build.0 = Ad-Hoc|iPhone
		{D9F7AC59-9F07-4B71-8DD3-4BCEE90C31D0}.Ad-Hoc|iPhoneSimulator.ActiveCfg = Ad-Hoc|iPhoneSimulator
		{D9F7AC59-9F07-4B71-8DD3-4BCEE90C31D0}.Ad-Hoc|iPhoneSimulator.Build.0 = Ad-Hoc|iPhoneSimulator
		{D9F7AC59-9F07-4B71-8DD3-4BCEE90C31D0}.Ad-Hoc|x64.ActiveCfg = Ad-Hoc|iPhone
		{D9F7AC59-9F07-4B71-8DD3-4BCEE90C31D0}.Ad-Hoc|x86.ActiveCfg = Ad-Hoc|iPhone
		{D9F7AC59-9F07-4B71-8DD3-4BCEE90C31D0}.AppStore|Any CPU.ActiveCfg = AppStore|iPhone
		{D9F7AC59-9F07-4B71-8DD3-4BCEE90C31D0}.AppStore|ARM.ActiveCfg = AppStore|iPhone
		{D9F7AC59-9F07-4B71-8DD3-4BCEE90C31D0}.AppStore|iPhone.ActiveCfg = AppStore|iPhone
		{D9F7AC59-9F07-4B71-8DD3-4BCEE90C31D0}.AppStore|iPhone.Build.0 = AppStore|iPhone
		{D9F7AC59-9F07-4B71-8DD3-4BCEE90C31D0}.AppStore|iPhoneSimulator.ActiveCfg = AppStore|iPhoneSimulator
		{D9F7AC59-9F07-4B71-8DD3-4BCEE90C31D0}.AppStore|iPhoneSimulator.Build.0 = AppStore|iPhoneSimulator
		{D9F7AC59-9F07-4B71-8DD3-4BCEE90C31D0}.AppStore|x64.ActiveCfg = AppStore|iPhone
		{D9F7AC59-9F07-4B71-8DD3-4BCEE90C31D0}.AppStore|x86.ActiveCfg = AppStore|iPhone
		{D9F7AC59-9F07-4B71-8DD3-4BCEE90C31D0}.Debug|Any CPU.ActiveCfg = Debug|iPhone
		{D9F7AC59-9F07-4B71-8DD3-4BCEE90C31D0}.Debug|ARM.ActiveCfg = Debug|iPhone
		{D9F7AC59-9F07-4B71-8DD3-4BCEE90C31D0}.Debug|iPhone.ActiveCfg = Debug|iPhone
		{D9F7AC59-9F07-4B71-8DD3-4BCEE90C31D0}.Debug|iPhone.Build.0 = Debug|iPhone
		{D9F7AC59-9F07-4B71-8DD3-4BCEE90C31D0}.Debug|iPhoneSimulator.ActiveCfg = Debug|iPhoneSimulator
		{D9F7AC59-9F07-4B71-8DD3-4BCEE90C31D0}.Debug|iPhoneSimulator.Build.0 = Debug|iPhoneSimulator
		{D9F7AC59-9F07-4B71-8DD3-4BCEE90C31D0}.Debug|x64.ActiveCfg = Debug|iPhone
		{D9F7AC59-9F07-4B71-8DD3-4BCEE90C31D0}.Debug|x86.ActiveCfg = Debug|iPhone
		{D9F7AC59-9F07-4B71-8DD3-4BCEE90C31D0}.Release|Any CPU.ActiveCfg = Release|iPhone
		{D9F7AC59-9F07-4B71-8DD3-4BCEE90C31D0}.Release|ARM.ActiveCfg = Release|iPhone
		{D9F7AC59-9F07-4B71-8DD3-4BCEE90C31D0}.Release|iPhone.ActiveCfg = Release|iPhone
		{D9F7AC59-9F07-4B71-8DD3-4BCEE90C31D0}.Release|iPhone.Build.0 = Release|iPhone
		{D9F7AC59-9F07-4B71-8DD3-4BCEE90C31D0}.Release|iPhoneSimulator.ActiveCfg = Release|iPhoneSimulator
		{D9F7AC59-9F07-4B71-8DD3-4BCEE90C31D0}.Release|iPhoneSimulator.Build.0 = Release|iPhoneSimulator
		{D9F7AC59-9F07-4B71-8DD3-4BCEE90C31D0}.Release|x64.ActiveCfg = Release|iPhone
		{D9F7AC59-9F07-4B71-8DD3-4BCEE90C31D0}.Release|x86.ActiveCfg = Release|iPhone
		{0D778F23-8E8B-4AF7-AA17-8ED424967AB7}.Ad-Hoc|Any CPU.ActiveCfg = Release|x86
		{0D778F23-8E8B-4AF7-AA17-8ED424967AB7}.Ad-Hoc|Any CPU.Build.0 = Release|x86
		{0D778F23-8E8B-4AF7-AA17-8ED424967AB7}.Ad-Hoc|Any CPU.Deploy.0 = Release|x86
		{0D778F23-8E8B-4AF7-AA17-8ED424967AB7}.Ad-Hoc|ARM.ActiveCfg = Release|ARM
		{0D778F23-8E8B-4AF7-AA17-8ED424967AB7}.Ad-Hoc|ARM.Build.0 = Release|ARM
		{0D778F23-8E8B-4AF7-AA17-8ED424967AB7}.Ad-Hoc|ARM.Deploy.0 = Release|ARM
		{0D778F23-8E8B-4AF7-AA17-8ED424967AB7}.Ad-Hoc|iPhone.ActiveCfg = Release|x86
		{0D778F23-8E8B-4AF7-AA17-8ED424967AB7}.Ad-Hoc|iPhone.Build.0 = Release|x86
		{0D778F23-8E8B-4AF7-AA17-8ED424967AB7}.Ad-Hoc|iPhone.Deploy.0 = Release|x86
		{0D778F23-8E8B-4AF7-AA17-8ED424967AB7}.Ad-Hoc|iPhoneSimulator.ActiveCfg = Release|x86
		{0D778F23-8E8B-4AF7-AA17-8ED424967AB7}.Ad-Hoc|iPhoneSimulator.Build.0 = Release|x86
		{0D778F23-8E8B-4AF7-AA17-8ED424967AB7}.Ad-Hoc|iPhoneSimulator.Deploy.0 = Release|x86
		{0D778F23-8E8B-4AF7-AA17-8ED424967AB7}.Ad-Hoc|x64.ActiveCfg = Release|x64
		{0D778F23-8E8B-4AF7-AA17-8ED424967AB7}.Ad-Hoc|x64.Build.0 = Release|x64
		{0D778F23-8E8B-4AF7-AA17-8ED424967AB7}.Ad-Hoc|x64.Deploy.0 = Release|x64
		{0D778F23-8E8B-4AF7-AA17-8ED424967AB7}.Ad-Hoc|x86.ActiveCfg = Release|x86
		{0D778F23-8E8B-4AF7-AA17-8ED424967AB7}.Ad-Hoc|x86.Build.0 = Release|x86
		{0D778F23-8E8B-4AF7-AA17-8ED424967AB7}.Ad-Hoc|x86.Deploy.0 = Release|x86
		{0D778F23-8E8B-4AF7-AA17-8ED424967AB7}.AppStore|Any CPU.ActiveCfg = Release|x86
		{0D778F23-8E8B-4AF7-AA17-8ED424967AB7}.AppStore|Any CPU.Build.0 = Release|x86
		{0D778F23-8E8B-4AF7-AA17-8ED424967AB7}.AppStore|Any CPU.Deploy.0 = Release|x86
		{0D778F23-8E8B-4AF7-AA17-8ED424967AB7}.AppStore|ARM.ActiveCfg = Release|ARM
		{0D778F23-8E8B-4AF7-AA17-8ED424967AB7}.AppStore|ARM.Build.0 = Release|ARM
		{0D778F23-8E8B-4AF7-AA17-8ED424967AB7}.AppStore|ARM.Deploy.0 = Release|ARM
		{0D778F23-8E8B-4AF7-AA17-8ED424967AB7}.AppStore|iPhone.ActiveCfg = Release|x86
		{0D778F23-8E8B-4AF7-AA17-8ED424967AB7}.AppStore|iPhone.Build.0 = Release|x86
		{0D778F23-8E8B-4AF7-AA17-8ED424967AB7}.AppStore|iPhone.Deploy.0 = Release|x86
		{0D778F23-8E8B-4AF7-AA17-8ED424967AB7}.AppStore|iPhoneSimulator.ActiveCfg = Release|x86
		{0D778F23-8E8B-4AF7-AA17-8ED424967AB7}.AppStore|iPhoneSimulator.Build.0 = Release|x86
		{0D778F23-8E8B-4AF7-AA17-8ED424967AB7}.AppStore|iPhoneSimulator.Deploy.0 = Release|x86
		{0D778F23-8E8B-4AF7-AA17-8ED424967AB7}.AppStore|x64.ActiveCfg = Release|x64
		{0D778F23-8E8B-4AF7-AA17-8ED424967AB7}.AppStore|x64.Build.0 = Release|x64
		{0D778F23-8E8B-4AF7-AA17-8ED424967AB7}.AppStore|x64.Deploy.0 = Release|x64
		{0D778F23-8E8B-4AF7-AA17-8ED424967AB7}.AppStore|x86.ActiveCfg = Release|x86
		{0D778F23-8E8B-4AF7-AA17-8ED424967AB7}.AppStore|x86.Build.0 = Release|x86
		{0D778F23-8E8B-4AF7-AA17-8ED424967AB7}.AppStore|x86.Deploy.0 = Release|x86
		{0D778F23-8E8B-4AF7-AA17-8ED424967AB7}.Debug|Any CPU.ActiveCfg = Debug|x86
		{0D778F23-8E8B-4AF7-AA17-8ED424967AB7}.Debug|ARM.ActiveCfg = Debug|ARM
		{0D778F23-8E8B-4AF7-AA17-8ED424967AB7}.Debug|ARM.Build.0 = Debug|ARM
		{0D778F23-8E8B-4AF7-AA17-8ED424967AB7}.Debug|ARM.Deploy.0 = Debug|ARM
		{0D778F23-8E8B-4AF7-AA17-8ED424967AB7}.Debug|iPhone.ActiveCfg = Debug|x86
		{0D778F23-8E8B-4AF7-AA17-8ED424967AB7}.Debug|iPhoneSimulator.ActiveCfg = Debug|x86
		{0D778F23-8E8B-4AF7-AA17-8ED424967AB7}.Debug|x64.ActiveCfg = Debug|x64
		{0D778F23-8E8B-4AF7-AA17-8ED424967AB7}.Debug|x64.Build.0 = Debug|x64
		{0D778F23-8E8B-4AF7-AA17-8ED424967AB7}.Debug|x64.Deploy.0 = Debug|x64
		{0D778F23-8E8B-4AF7-AA17-8ED424967AB7}.Debug|x86.ActiveCfg = Debug|x86
		{0D778F23-8E8B-4AF7-AA17-8ED424967AB7}.Debug|x86.Build.0 = Debug|x86
		{0D778F23-8E8B-4AF7-AA17-8ED424967AB7}.Debug|x86.Deploy.0 = Debug|x86
		{0D778F23-8E8B-4AF7-AA17-8ED424967AB7}.Release|Any CPU.ActiveCfg = Release|x86
		{0D778F23-8E8B-4AF7-AA17-8ED424967AB7}.Release|ARM.ActiveCfg = Release|ARM
		{0D778F23-8E8B-4AF7-AA17-8ED424967AB7}.Release|ARM.Build.0 = Release|ARM
		{0D778F23-8E8B-4AF7-AA17-8ED424967AB7}.Release|ARM.Deploy.0 = Release|ARM
		{0D778F23-8E8B-4AF7-AA17-8ED424967AB7}.Release|iPhone.ActiveCfg = Release|x86
		{0D778F23-8E8B-4AF7-AA17-8ED424967AB7}.Release|iPhoneSimulator.ActiveCfg = Release|x86
		{0D778F23-8E8B-4AF7-AA17-8ED424967AB7}.Release|x64.ActiveCfg = Release|x64
		{0D778F23-8E8B-4AF7-AA17-8ED424967AB7}.Release|x64.Build.0 = Release|x64
		{0D778F23-8E8B-4AF7-AA17-8ED424967AB7}.Release|x64.Deploy.0 = Release|x64
		{0D778F23-8E8B-4AF7-AA17-8ED424967AB7}.Release|x86.ActiveCfg = Release|x86
		{0D778F23-8E8B-4AF7-AA17-8ED424967AB7}.Release|x86.Build.0 = Release|x86
		{0D778F23-8E8B-4AF7-AA17-8ED424967AB7}.Release|x86.Deploy.0 = Release|x86
		{F9BBCAB6-4B68-48E6-BD3A-BB90BD45C8D8}.Ad-Hoc|Any CPU.ActiveCfg = Debug|Any CPU
		{F9BBCAB6-4B68-48E6-BD3A-BB90BD45C8D8}.Ad-Hoc|Any CPU.Build.0 = Debug|Any CPU
		{F9BBCAB6-4B68-48E6-BD3A-BB90BD45C8D8}.Ad-Hoc|ARM.ActiveCfg = Debug|Any CPU
		{F9BBCAB6-4B68-48E6-BD3A-BB90BD45C8D8}.Ad-Hoc|ARM.Build.0 = Debug|Any CPU
		{F9BBCAB6-4B68-48E6-BD3A-BB90BD45C8D8}.Ad-Hoc|iPhone.ActiveCfg = Debug|Any CPU
		{F9BBCAB6-4B68-48E6-BD3A-BB90BD45C8D8}.Ad-Hoc|iPhone.Build.0 = Debug|Any CPU
		{F9BBCAB6-4B68-48E6-BD3A-BB90BD45C8D8}.Ad-Hoc|iPhoneSimulator.ActiveCfg = Debug|Any CPU
		{F9BBCAB6-4B68-48E6-BD3A-BB90BD45C8D8}.Ad-Hoc|iPhoneSimulator.Build.0 = Debug|Any CPU
		{F9BBCAB6-4B68-48E6-BD3A-BB90BD45C8D8}.Ad-Hoc|x64.ActiveCfg = Debug|Any CPU
		{F9BBCAB6-4B68-48E6-BD3A-BB90BD45C8D8}.Ad-Hoc|x64.Build.0 = Debug|Any CPU
		{F9BBCAB6-4B68-48E6-BD3A-BB90BD45C8D8}.Ad-Hoc|x86.ActiveCfg = Debug|Any CPU
		{F9BBCAB6-4B68-48E6-BD3A-BB90BD45C8D8}.Ad-Hoc|x86.Build.0 = Debug|Any CPU
		{F9BBCAB6-4B68-48E6-BD3A-BB90BD45C8D8}.AppStore|Any CPU.ActiveCfg = Debug|Any CPU
		{F9BBCAB6-4B68-48E6-BD3A-BB90BD45C8D8}.AppStore|Any CPU.Build.0 = Debug|Any CPU
		{F9BBCAB6-4B68-48E6-BD3A-BB90BD45C8D8}.AppStore|ARM.ActiveCfg = Debug|Any CPU
		{F9BBCAB6-4B68-48E6-BD3A-BB90BD45C8D8}.AppStore|ARM.Build.0 = Debug|Any CPU
		{F9BBCAB6-4B68-48E6-BD3A-BB90BD45C8D8}.AppStore|iPhone.ActiveCfg = Debug|Any CPU
		{F9BBCAB6-4B68-48E6-BD3A-BB90BD45C8D8}.AppStore|iPhone.Build.0 = Debug|Any CPU
		{F9BBCAB6-4B68-48E6-BD3A-BB90BD45C8D8}.AppStore|iPhoneSimulator.ActiveCfg = Debug|Any CPU
		{F9BBCAB6-4B68-48E6-BD3A-BB90BD45C8D8}.AppStore|iPhoneSimulator.Build.0 = Debug|Any CPU
		{F9BBCAB6-4B68-48E6-BD3A-BB90BD45C8D8}.AppStore|x64.ActiveCfg = Debug|Any CPU
		{F9BBCAB6-4B68-48E6-BD3A-BB90BD45C8D8}.AppStore|x64.Build.0 = Debug|Any CPU
		{F9BBCAB6-4B68-48E6-BD3A-BB90BD45C8D8}.AppStore|x86.ActiveCfg = Debug|Any CPU
		{F9BBCAB6-4B68-48E6-BD3A-BB90BD45C8D8}.AppStore|x86.Build.0 = Debug|Any CPU
		{F9BBCAB6-4B68-48E6-BD3A-BB90BD45C8D8}.Debug|Any CPU.ActiveCfg = Debug|Any CPU
		{F9BBCAB6-4B68-48E6-BD3A-BB90BD45C8D8}.Debug|Any CPU.Build.0 = Debug|Any CPU
		{F9BBCAB6-4B68-48E6-BD3A-BB90BD45C8D8}.Debug|ARM.ActiveCfg = Debug|Any CPU
		{F9BBCAB6-4B68-48E6-BD3A-BB90BD45C8D8}.Debug|ARM.Build.0 = Debug|Any CPU
		{F9BBCAB6-4B68-48E6-BD3A-BB90BD45C8D8}.Debug|iPhone.ActiveCfg = Debug|Any CPU
		{F9BBCAB6-4B68-48E6-BD3A-BB90BD45C8D8}.Debug|iPhone.Build.0 = Debug|Any CPU
		{F9BBCAB6-4B68-48E6-BD3A-BB90BD45C8D8}.Debug|iPhoneSimulator.ActiveCfg = Debug|Any CPU
		{F9BBCAB6-4B68-48E6-BD3A-BB90BD45C8D8}.Debug|iPhoneSimulator.Build.0 = Debug|Any CPU
		{F9BBCAB6-4B68-48E6-BD3A-BB90BD45C8D8}.Debug|x64.ActiveCfg = Debug|Any CPU
		{F9BBCAB6-4B68-48E6-BD3A-BB90BD45C8D8}.Debug|x64.Build.0 = Debug|Any CPU
		{F9BBCAB6-4B68-48E6-BD3A-BB90BD45C8D8}.Debug|x86.ActiveCfg = Debug|Any CPU
		{F9BBCAB6-4B68-48E6-BD3A-BB90BD45C8D8}.Debug|x86.Build.0 = Debug|Any CPU
		{F9BBCAB6-4B68-48E6-BD3A-BB90BD45C8D8}.Release|Any CPU.ActiveCfg = Release|Any CPU
		{F9BBCAB6-4B68-48E6-BD3A-BB90BD45C8D8}.Release|Any CPU.Build.0 = Release|Any CPU
		{F9BBCAB6-4B68-48E6-BD3A-BB90BD45C8D8}.Release|ARM.ActiveCfg = Release|Any CPU
		{F9BBCAB6-4B68-48E6-BD3A-BB90BD45C8D8}.Release|ARM.Build.0 = Release|Any CPU
		{F9BBCAB6-4B68-48E6-BD3A-BB90BD45C8D8}.Release|iPhone.ActiveCfg = Release|Any CPU
		{F9BBCAB6-4B68-48E6-BD3A-BB90BD45C8D8}.Release|iPhone.Build.0 = Release|Any CPU
		{F9BBCAB6-4B68-48E6-BD3A-BB90BD45C8D8}.Release|iPhoneSimulator.ActiveCfg = Release|Any CPU
		{F9BBCAB6-4B68-48E6-BD3A-BB90BD45C8D8}.Release|iPhoneSimulator.Build.0 = Release|Any CPU
		{F9BBCAB6-4B68-48E6-BD3A-BB90BD45C8D8}.Release|x64.ActiveCfg = Release|Any CPU
		{F9BBCAB6-4B68-48E6-BD3A-BB90BD45C8D8}.Release|x64.Build.0 = Release|Any CPU
		{F9BBCAB6-4B68-48E6-BD3A-BB90BD45C8D8}.Release|x86.ActiveCfg = Release|Any CPU
		{F9BBCAB6-4B68-48E6-BD3A-BB90BD45C8D8}.Release|x86.Build.0 = Release|Any CPU
	EndGlobalSection
	GlobalSection(SolutionProperties) = preSolution
		HideSolutionNode = FALSE
	EndGlobalSection
	GlobalSection(ExtensibilityGlobals) = postSolution
		SolutionGuid = {37AE8E76-88C7-4358-9BED-20BD9458AFF0}
	EndGlobalSection
EndGlobal
